{
  "name": "@starportal/pages-openid-connect",
  "version": "0.1.1",
  "lockfileVersion": 2,
  "requires": true,
  "packages": {
    "": {
      "name": "@starportal/pages-openid-connect",
      "version": "0.1.1",
      "license": "Apache-2.0",
      "dependencies": {
        "rfc4648": "^1.5.2"
      },
      "devDependencies": {
        "@cloudflare/workers-types": "^4.20230518.0"
      }
    },
    "node_modules/@cloudflare/workers-types": {
      "version": "4.20241112.0",
      "resolved": "https://registry.npmjs.org/@cloudflare/workers-types/-/workers-types-4.20241112.0.tgz",
      "integrity": "sha512-Q4p9bAWZrX14bSCKY9to19xl0KMU7nsO5sJ2cTVspHoypsjPUMeQCsjHjmsO2C4Myo8/LPeDvmqFmkyNAPPYZw==",
      "dev": true
    },
    "node_modules/rfc4648": {
      "version": "1.5.3",
      "resolved": "https://registry.npmjs.org/rfc4648/-/rfc4648-1.5.3.tgz",
      "integrity": "sha512-MjOWxM065+WswwnmNONOT+bD1nXzY9Km6u3kzvnx8F8/HXGZdz3T6e6vZJ8Q/RIMUSp/nxqjH3GwvJDy8ijeQQ=="
    }
  },
  "dependencies": {
    "@cloudflare/workers-types": {
      "version": "4.20241112.0",
      "resolved": "https://registry.npmjs.org/@cloudflare/workers-types/-/workers-types-4.20241112.0.tgz",
      "integrity": "sha512-Q4p9bAWZrX14bSCKY9to19xl0KMU7nsO5sJ2cTVspHoypsjPUMeQCsjHjmsO2C4Myo8/LPeDvmqFmkyNAPPYZw==",
      "dev": true
    },
    "rfc4648": {
      "version": "1.5.3",
      "resolved": "https://registry.npmjs.org/rfc4648/-/rfc4648-1.5.3.tgz",
      "integrity": "sha512-MjOWxM065+WswwnmNONOT+bD1nXzY9Km6u3kzvnx8F8/HXGZdz3T6e6vZJ8Q/RIMUSp/nxqjH3GwvJDy8ijeQQ=="
    }
  }
}
